Microsoft Visual Studio Solution File, Format Version 12.00
# Visual Studio Version 17
VisualStudioVersion = 17.5.2.0
MinimumVisualStudioVersion = 10.0.40219.1
Project("{FAE04EC0-301F-11D3-BF4B-00C04F79EFBC}") = "SoapProxyNav", "SoapProxyNav.csproj", "{ABAE78B3-A23B-23EE-3173-11455970CA46}"
EndProject
Global
	GlobalSection(SolutionConfigurationPlatforms) = preSolution
		Debug|Any CPU = Debug|Any CPU
		Release|Any CPU = Release|Any CPU
	EndGlobalSection
	GlobalSection(ProjectConfigurationPlatforms) = postSolution
		{ABAE78B3-A23B-23EE-3173-11455970CA46}.Debug|Any CPU.ActiveCfg = Debug|Any CPU
		{ABAE78B3-A23B-23EE-3173-11455970CA46}.Debug|Any CPU.Build.0 = Debug|Any CPU
		{ABAE78B3-A23B-23EE-3173-11455970CA46}.Release|Any CPU.ActiveCfg = Release|Any CPU
		{ABAE78B3-A23B-23EE-3173-11455970CA46}.Release|Any CPU.Build.0 = Release|Any CPU
	EndGlobalSection
	GlobalSection(SolutionProperties) = preSolution
		HideSolutionNode = FALSE
	EndGlobalSection
	GlobalSection(ExtensibilityGlobals) = postSolution
		SolutionGuid = {F9BD4BB9-A826-42DE-81C3-1EE4F4C7B3B4}
	EndGlobalSection
EndGlobal
